
Microsoft Visual Studio Solution File, Format Version 12.00
# Visual Studio Version 17
VisualStudioVersion = 17.1.32210.238
MinimumVisualStudioVersion = 10.0.40219.1
Project("{FAE04EC0-301F-11D3-BF4B-00C04F79EFBC}") = "MyWebProject", "MyWebProject.csproj", "{42EEE9BC-5603-463F-90A1-DC33642B292E}"
EndProject
Global
	GlobalSection(SolutionConfigurationPlatforms) = preSolution
		Debug|Any CPU = Debug|Any CPU
		Release|Any CPU = Release|Any CPU
	EndGlobalSection
	GlobalSection(ProjectConfigurationPlatforms) = postSolution
		{42EEE9BC-5603-463F-90A1-DC33642B292E}.Debug|Any CPU.ActiveCfg = Debug|Any CPU
		{42EEE9BC-5603-463F-90A1-DC33642B292E}.Debug|Any CPU.Build.0 = Debug|Any CPU
		{42EEE9BC-5603-463F-90A1-DC33642B292E}.Release|Any CPU.ActiveCfg = Release|Any CPU
		{42EEE9BC-5603-463F-90A1-DC33642B292E}.Release|Any CPU.Build.0 = Release|Any CPU
	EndGlobalSection
	GlobalSection(SolutionProperties) = preSolution
		HideSolutionNode = FALSE
	EndGlobalSection
	GlobalSection(ExtensibilityGlobals) = postSolution
		SolutionGuid = {6D75CE6B-A0F0-4FBC-BDE1-00B09A2CB9C8}
	EndGlobalSection
EndGlobal
